
Microsoft Visual Studio Solution File, Format Version 12.00
# Visual Studio 14
VisualStudioVersion = 14.0.25420.1
MinimumVisualStudioVersion = 10.0.40219.1
Project("{8BC9CEB8-8B4A-11D0-8D11-00A0C91BC942}") = "ChM_3", "ChM_3\ChM_3.vcxproj", "{80DE1600-5475-444B-8AC4-9846E44DDA1C}"
EndProject
Project("{8BC9CEB8-8B4A-11D0-8D11-00A0C91BC942}") = "Test_main", "Test_main\Test_main.vcxproj", "{BD0B9736-34D5-41FA-AE8B-AA5AD7C8CE43}"
EndProject
Project("{8BC9CEB8-8B4A-11D0-8D11-00A0C91BC942}") = "WinForm", "WinForm\WinForm.vcxproj", "{767A0473-4E6F-4BE8-B84D-2559F4C75656}"
EndProject
Global
	GlobalSection(SolutionConfigurationPlatforms) = preSolution
		Debug|x64 = Debug|x64
		Debug|x86 = Debug|x86
		Release|x64 = Release|x64
		Release|x86 = Release|x86
	EndGlobalSection
	GlobalSection(ProjectConfigurationPlatforms) = postSolution
		{80DE1600-5475-444B-8AC4-9846E44DDA1C}.Debug|x64.ActiveCfg = Debug|x64
		{80DE1600-5475-444B-8AC4-9846E44DDA1C}.Debug|x64.Build.0 = Debug|x64
		{80DE1600-5475-444B-8AC4-9846E44DDA1C}.Debug|x86.ActiveCfg = Debug|Win32
		{80DE1600-5475-444B-8AC4-9846E44DDA1C}.Debug|x86.Build.0 = Debug|Win32
		{80DE1600-5475-444B-8AC4-9846E44DDA1C}.Release|x64.ActiveCfg = Release|x64
		{80DE1600-5475-444B-8AC4-9846E44DDA1C}.Release|x64.Build.0 = Release|x64
		{80DE1600-5475-444B-8AC4-9846E44DDA1C}.Release|x86.ActiveCfg = Release|Win32
		{80DE1600-5475-444B-8AC4-9846E44DDA1C}.Release|x86.Build.0 = Release|Win32
		{BD0B9736-34D5-41FA-AE8B-AA5AD7C8CE43}.Debug|x64.ActiveCfg = Debug|x64
		{BD0B9736-34D5-41FA-AE8B-AA5AD7C8CE43}.Debug|x64.Build.0 = Debug|x64
		{BD0B9736-34D5-41FA-AE8B-AA5AD7C8CE43}.Debug|x86.ActiveCfg = Debug|Win32
		{BD0B9736-34D5-41FA-AE8B-AA5AD7C8CE43}.Debug|x86.Build.0 = Debug|Win32
		{BD0B9736-34D5-41FA-AE8B-AA5AD7C8CE43}.Release|x64.ActiveCfg = Release|x64
		{BD0B9736-34D5-41FA-AE8B-AA5AD7C8CE43}.Release|x64.Build.0 = Release|x64
		{BD0B9736-34D5-41FA-AE8B-AA5AD7C8CE43}.Release|x86.ActiveCfg = Release|Win32
		{BD0B9736-34D5-41FA-AE8B-AA5AD7C8CE43}.Release|x86.Build.0 = Release|Win32
		{767A0473-4E6F-4BE8-B84D-2559F4C75656}.Debug|x64.ActiveCfg = Debug|x64
		{767A0473-4E6F-4BE8-B84D-2559F4C75656}.Debug|x64.Build.0 = Debug|x64
		{767A0473-4E6F-4BE8-B84D-2559F4C75656}.Debug|x86.ActiveCfg = Debug|Win32
		{767A0473-4E6F-4BE8-B84D-2559F4C75656}.Debug|x86.Build.0 = Debug|Win32
		{767A0473-4E6F-4BE8-B84D-2559F4C75656}.Release|x64.ActiveCfg = Release|x64
		{767A0473-4E6F-4BE8-B84D-2559F4C75656}.Release|x64.Build.0 = Release|x64
		{767A0473-4E6F-4BE8-B84D-2559F4C75656}.Release|x86.ActiveCfg = Release|Win32
		{767A0473-4E6F-4BE8-B84D-2559F4C75656}.Release|x86.Build.0 = Release|Win32
	EndGlobalSection
	GlobalSection(SolutionProperties) = preSolution
		HideSolutionNode = FALSE
	EndGlobalSection
EndGlobal
